
Microsoft Visual Studio Solution File, Format Version 12.00
# Visual Studio Version 17
VisualStudioVersion = 17.8.34330.188
MinimumVisualStudioVersion = 10.0.40219.1
Project("{9A19103F-16F7-4668-BE54-9A1E7A4F7556}") = "API_Template.Api", "Security_API_Template\API_Template.Api.csproj", "{EB5F9BBA-2E3D-48B2-8E66-BA79EE93B35C}"
EndProject
Project("{9A19103F-16F7-4668-BE54-9A1E7A4F7556}") = "API_Template.Data", "API_Template.Data\API_Template.Data.csproj", "{08709AF9-6BB8-451F-B1A9-FF2910A61C4E}"
EndProject
Global
	GlobalSection(SolutionConfigurationPlatforms) = preSolution
		Debug|Any CPU = Debug|Any CPU
		Release|Any CPU = Release|Any CPU
	EndGlobalSection
	GlobalSection(ProjectConfigurationPlatforms) = postSolution
		{EB5F9BBA-2E3D-48B2-8E66-BA79EE93B35C}.Debug|Any CPU.ActiveCfg = Debug|Any CPU
		{EB5F9BBA-2E3D-48B2-8E66-BA79EE93B35C}.Debug|Any CPU.Build.0 = Debug|Any CPU
		{EB5F9BBA-2E3D-48B2-8E66-BA79EE93B35C}.Release|Any CPU.ActiveCfg = Release|Any CPU
		{EB5F9BBA-2E3D-48B2-8E66-BA79EE93B35C}.Release|Any CPU.Build.0 = Release|Any CPU
		{08709AF9-6BB8-451F-B1A9-FF2910A61C4E}.Debug|Any CPU.ActiveCfg = Debug|Any CPU
		{08709AF9-6BB8-451F-B1A9-FF2910A61C4E}.Debug|Any CPU.Build.0 = Debug|Any CPU
		{08709AF9-6BB8-451F-B1A9-FF2910A61C4E}.Release|Any CPU.ActiveCfg = Release|Any CPU
		{08709AF9-6BB8-451F-B1A9-FF2910A61C4E}.Release|Any CPU.Build.0 = Release|Any CPU
	EndGlobalSection
	GlobalSection(SolutionProperties) = preSolution
		HideSolutionNode = FALSE
	EndGlobalSection
	GlobalSection(ExtensibilityGlobals) = postSolution
		SolutionGuid = {AAF90BAC-C55F-4990-8363-105D6665A398}
	EndGlobalSection
EndGlobal
